// !$*UTF8*$!
{
	archiveVersion = 1;
	classes = {
	};
	objectVersion = 50;
	objects = {

/* Begin PBXBuildFile section */
		32C076B0267570EE00AA1C82 /* AppDelegate.swift in Sources */ = {isa = PBXBuildFile; fileRef = 32C076AF267570EE00AA1C82 /* AppDelegate.swift */; };
		32C076B2267570EE00AA1C82 /* SceneDelegate.swift in Sources */ = {isa = PBXBuildFile; fileRef = 32C076B1267570EE00AA1C82 /* SceneDelegate.swift */; };
		32C076B4267570EE00AA1C82 /* ViewController.swift in Sources */ = {isa = PBXBuildFile; fileRef = 32C076B3267570EE00AA1C82 /* ViewController.swift */; };
		32C076B7267570EE00AA1C82 /* Main.storyboard in Resources */ = {isa = PBXBuildFile; fileRef = 32C076B5267570EE00AA1C82 /* Main.storyboard */; };
		32C076B9267570F000AA1C82 /* Assets.xcassets in Resources */ = {isa = PBXBuildFile; fileRef = 32C076B8267570F000AA1C82 /* Assets.xcassets */; };
		32C076BC267570F000AA1C82 /* LaunchScreen.storyboard in Resources */ = {isa = PBXBuildFile; fileRef = 32C076BA267570F000AA1C82 /* LaunchScreen.storyboard */; };
		32C076C7267570F000AA1C82 /* StoreTemplateTests.swift in Sources */ = {isa = PBXBuildFile; fileRef = 32C076C6267570F000AA1C82 /* StoreTemplateTests.swift */; };
		32C076D2267570F000AA1C82 /* StoreTemplateUITests.swift in Sources */ = {isa = PBXBuildFile; fileRef = 32C076D1267570F000AA1C82 /* StoreTemplateUITests.swift */; };
/* End PBXBuildFile section */

/* Begin PBXContainerItemProxy section */
		32C076C3267570F000AA1C82 /* PBXContainerItemProxy */ = {
			isa = PBXContainerItemProxy;
			containerPortal = 32C076A4267570EE00AA1C82 /* Project object */;
			proxyType = 1;
			remoteGlobalIDString = 32C076AB267570EE00AA1C82;
			remoteInfo = StoreTemplate;
		};
		32C076CE267570F000AA1C82 /* PBXContainerItemProxy */ = {
			isa = PBXContainerItemProxy;
			containerPortal = 32C076A4267570EE00AA1C82 /* Project object */;
			proxyType = 1;
			remoteGlobalIDString = 32C076AB267570EE00AA1C82;
			remoteInfo = StoreTemplate;
		};
/* End PBXContainerItemProxy section */

/* Begin PBXFileReference section */
		32C076AC267570EE00AA1C82 /* StoreTemplate.app */ = {isa = PBXFileReference; explicitFileType = wrapper.application; includeInIndex = 0; path = StoreTemplate.app; sourceTree = BUILT_PRODUCTS_DIR; };
		32C076AF267570EE00AA1C82 /* AppDelegate.swift */ = {isa = PBXFileReference; lastKnownFileType = sourcecode.swift; path = AppDelegate.swift; sourceTree = "<group>"; };
		32C076B1267570EE00AA1C82 /* SceneDelegate.swift */ = {isa = PBXFileReference; lastKnownFileType = sourcecode.swift; path = SceneDelegate.swift; sourceTree = "<group>"; };
		32C076B3267570EE00AA1C82 /* ViewController.swift */ = {isa = PBXFileReference; lastKnownFileType = sourcecode.swift; path = ViewController.swift; sourceTree = "<group>"; };
		32C076B6267570EE00AA1C82 /* Base */ = {isa = PBXFileReference; lastKnownFileType = file.storyboard; name = Base; path = Base.lproj/Main.storyboard; sourceTree = "<group>"; };
		32C076B8267570F000AA1C82 /* Assets.xcassets */ = {isa = PBXFileReference; lastKnownFileType = folder.assetcatalog; path = Assets.xcassets; sourceTree = "<group>"; };
		32C076BB267570F000AA1C82 /* Base */ = {isa = PBXFileReference; lastKnownFileType = file.storyboard; name = Base; path = Base.lproj/LaunchScreen.storyboard; sourceTree = "<group>"; };
		32C076BD267570F000AA1C82 /* Info.plist */ = {isa = PBXFileReference; lastKnownFileType = text.plist.xml; path = Info.plist; sourceTree = "<group>"; };
		32C076C2267570F000AA1C82 /* StoreTemplateTests.xctest */ = {isa = PBXFileReference; explicitFileType = wrapper.cfbundle; includeInIndex = 0; path = StoreTemplateTests.xctest; sourceTree = BUILT_PRODUCTS_DIR; };
		32C076C6267570F000AA1C82 /* StoreTemplateTests.swift */ = {isa = PBXFileReference; lastKnownFileType = sourcecode.swift; path = StoreTemplateTests.swift; sourceTree = "<group>"; };
		32C076C8267570F000AA1C82 /* Info.plist */ = {isa = PBXFileReference; lastKnownFileType = text.plist.xml; path = Info.plist; sourceTree = "<group>"; };
		32C076CD267570F000AA1C82 /* StoreTemplateUITests.xctest */ = {isa = PBXFileReference; explicitFileType = wrapper.cfbundle; includeInIndex = 0; path = StoreTemplateUITests.xctest; sourceTree = BUILT_PRODUCTS_DIR; };
		32C076D1267570F000AA1C82 /* StoreTemplateUITests.swift */ = {isa = PBXFileReference; lastKnownFileType = sourcecode.swift; path = StoreTemplateUITests.swift; sourceTree = "<group>"; };
		32C076D3267570F000AA1C82 /* Info.plist */ = {isa = PBXFileReference; lastKnownFileType = text.plist.xml; path = Info.plist; sourceTree = "<group>"; };
/* End PBXFileReference section */

/* Begin PBXFrameworksBuildPhase section */
		32C076A9267570EE00AA1C82 /* Frameworks */ = {
			isa = PBXFrameworksBuildPhase;
			buildActionMask = 2147483647;
			files = (
			);
			runOnlyForDeploymentPostprocessing = 0;
		};
		32C076BF267570F000AA1C82 /* Frameworks */ = {
			isa = PBXFrameworksBuildPhase;
			buildActionMask = 2147483647;
			files = (
			);
			runOnlyForDeploymentPostprocessing = 0;
		};
		32C076CA267570F000AA1C82 /* Frameworks */ = {
			isa = PBXFrameworksBuildPhase;
			buildActionMask = 2147483647;
			files = (
			);
			runOnlyForDeploymentPostprocessing = 0;
		};
/* End PBXFrameworksBuildPhase section */

/* Begin PBXGroup section */
		32C076A3267570EE00AA1C82 = {
			isa = PBXGroup;
			children = (
				32C076AE267570EE00AA1C82 /* StoreTemplate */,
				32C076C5267570F000AA1C82 /* StoreTemplateTests */,
				32C076D0267570F000AA1C82 /* StoreTemplateUITests */,
				32C076AD267570EE00AA1C82 /* Products */,
			);
			sourceTree = "<group>";
		};
		32C076AD267570EE00AA1C82 /* Products */ = {
			isa = PBXGroup;
			children = (
				32C076AC267570EE00AA1C82 /* StoreTemplate.app */,
				32C076C2267570F000AA1C82 /* StoreTemplateTests.xctest */,
				32C076CD267570F000AA1C82 /* StoreTemplateUITests.xctest */,
			);
			name = Products;
			sourceTree = "<group>";
		};
		32C076AE267570EE00AA1C82 /* StoreTemplate */ = {
			isa = PBXGroup;
			children = (
				32C076AF267570EE00AA1C82 /* AppDelegate.swift */,
				32C076B1267570EE00AA1C82 /* SceneDelegate.swift */,
				32C076B3267570EE00AA1C82 /* ViewController.swift */,
				32C076B5267570EE00AA1C82 /* Main.storyboard */,
				32C076B8267570F000AA1C82 /* Assets.xcassets */,
				32C076BA267570F000AA1C82 /* LaunchScreen.storyboard */,
				32C076BD267570F000AA1C82 /* Info.plist */,
			);
			path = StoreTemplate;
			sourceTree = "<group>";
		};
		32C076C5267570F000AA1C82 /* StoreTemplateTests */ = {
			isa = PBXGroup;
			children = (
				32C076C6267570F000AA1C82 /* StoreTemplateTests.swift */,
				32C076C8267570F000AA1C82 /* Info.plist */,
			);
			path = StoreTemplateTests;
			sourceTree = "<group>";
		};
		32C076D0267570F000AA1C82 /* StoreTemplateUITests */ = {
			isa = PBXGroup;
			children = (
				32C076D1267570F000AA1C82 /* StoreTemplateUITests.swift */,
				32C076D3267570F000AA1C82 /* Info.plist */,
			);
			path = StoreTemplateUITests;
			sourceTree = "<group>";
		};
/* End PBXGroup section */

/* Begin PBXNativeTarget section */
		32C076AB267570EE00AA1C82 /* StoreTemplate */ = {
			isa = PBXNativeTarget;
			buildConfigurationList = 32C076D6267570F000AA1C82 /* Build configuration list for PBXNativeTarget "StoreTemplate" */;
			buildPhases = (
				32C076A8267570EE00AA1C82 /* Sources */,
				32C076A9267570EE00AA1C82 /* Frameworks */,
				32C076AA267570EE00AA1C82 /* Resources */,
			);
			buildRules = (
			);
			dependencies = (
			);
			name = StoreTemplate;
			productName = StoreTemplate;
			productReference = 32C076AC267570EE00AA1C82 /* StoreTemplate.app */;
			productType = "com.apple.product-type.application";
		};
		32C076C1267570F000AA1C82 /* StoreTemplateTests */ = {
			isa = PBXNativeTarget;
			buildConfigurationList = 32C076D9267570F000AA1C82 /* Build configuration list for PBXNativeTarget "StoreTemplateTests" */;
			buildPhases = (
				32C076BE267570F000AA1C82 /* Sources */,
				32C076BF267570F000AA1C82 /* Frameworks */,
				32C076C0267570F000AA1C82 /* Resources */,
			);
			buildRules = (
			);
			dependencies = (
				32C076C4267570F000AA1C82 /* PBXTargetDependency */,
			);
			name = StoreTemplateTests;
			productName = StoreTemplateTests;
			productReference = 32C076C2267570F000AA1C82 /* StoreTemplateTests.xctest */;
			productType = "com.apple.product-type.bundle.unit-test";
		};
		32C076CC267570F000AA1C82 /* StoreTemplateUITests */ = {
			isa = PBXNativeTarget;
			buildConfigurationList = 32C076DC267570F000AA1C82 /* Build configuration list for PBXNativeTarget "StoreTemplateUITests" */;
			buildPhases = (
				32C076C9267570F000AA1C82 /* Sources */,
				32C076CA267570F000AA1C82 /* Frameworks */,
				32C076CB267570F000AA1C82 /* Resources */,
			);
			buildRules = (
			);
			dependencies = (
				32C076CF267570F000AA1C82 /* PBXTargetDependency */,
			);
			name = StoreTemplateUITests;
			productName = StoreTemplateUITests;
			productReference = 32C076CD267570F000AA1C82 /* StoreTemplateUITests.xctest */;
			productType = "com.apple.product-type.bundle.ui-testing";
		};
/* End PBXNativeTarget section */

/* Begin PBXProject section */
		32C076A4267570EE00AA1C82 /* Project object */ = {
			isa = PBXProject;
			attributes = {
				LastSwiftUpdateCheck = 1250;
				LastUpgradeCheck = 1250;
				TargetAttributes = {
					32C076AB267570EE00AA1C82 = {
						CreatedOnToolsVersion = 12.5;
					};
					32C076C1267570F000AA1C82 = {
						CreatedOnToolsVersion = 12.5;
						TestTargetID = 32C076AB267570EE00AA1C82;
					};
					32C076CC267570F000AA1C82 = {
						CreatedOnToolsVersion = 12.5;
						TestTargetID = 32C076AB267570EE00AA1C82;
					};
				};
			};
			buildConfigurationList = 32C076A7267570EE00AA1C82 /* Build configuration list for PBXProject "StoreTemplate" */;
			compatibilityVersion = "Xcode 9.3";
			developmentRegion = en;
			hasScannedForEncodings = 0;
			knownRegions = (
				en,
				Base,
			);
			mainGroup = 32C076A3267570EE00AA1C82;
			productRefGroup = 32C076AD267570EE00AA1C82 /* Products */;
			projectDirPath = "";
			projectRoot = "";
			targets = (
				32C076AB267570EE00AA1C82 /* StoreTemplate */,
				32C076C1267570F000AA1C82 /* StoreTemplateTests */,
				32C076CC267570F000AA1C82 /* StoreTemplateUITests */,
			);
		};
/* End PBXProject section */

/* Begin PBXResourcesBuildPhase section */
		32C076AA267570EE00AA1C82 /* Resources */ = {
			isa = PBXResourcesBuildPhase;
			buildActionMask = 2147483647;
			files = (
				32C076BC267570F000AA1C82 /* LaunchScreen.storyboard in Resources */,
				32C076B9267570F000AA1C82 /* Assets.xcassets in Resources */,
				32C076B7267570EE00AA1C82 /* Main.storyboard in Resources */,
			);
			runOnlyForDeploymentPostprocessing = 0;
		};
		32C076C0267570F000AA1C82 /* Resources */ = {
			isa = PBXResourcesBuildPhase;
			buildActionMask = 2147483647;
			files = (
			);
			runOnlyForDeploymentPostprocessing = 0;
		};
		32C076CB267570F000AA1C82 /* Resources */ = {
			isa = PBXResourcesBuildPhase;
			buildActionMask = 2147483647;
			files = (
			);
			runOnlyForDeploymentPostprocessing = 0;
		};
/* End PBXResourcesBuildPhase section */

/* Begin PBXSourcesBuildPhase section */
		32C076A8267570EE00AA1C82 /* Sources */ = {
			isa = PBXSourcesBuildPhase;
			buildActionMask = 2147483647;
			files = (
				32C076B4267570EE00AA1C82 /* ViewController.swift in Sources */,
				32C076B0267570EE00AA1C82 /* AppDelegate.swift in Sources */,
				32C076B2267570EE00AA1C82 /* SceneDelegate.swift in Sources */,
			);
			runOnlyForDeploymentPostprocessing = 0;
		};
		32C076BE267570F000AA1C82 /* Sources */ = {
			isa = PBXSourcesBuildPhase;
			buildActionMask = 2147483647;
			files = (
				32C076C7267570F000AA1C82 /* StoreTemplateTests.swift in Sources */,
			);
			runOnlyForDeploymentPostprocessing = 0;
		};
		32C076C9267570F000AA1C82 /* Sources */ = {
			isa = PBXSourcesBuildPhase;
			buildActionMask = 2147483647;
			files = (
				32C076D2267570F000AA1C82 /* StoreTemplateUITests.swift in Sources */,
			);
			runOnlyForDeploymentPostprocessing = 0;
		};
/* End PBXSourcesBuildPhase section */

/* Begin PBXTargetDependency section */
		32C076C4267570F000AA1C82 /* PBXTargetDependency */ = {
			isa = PBXTargetDependency;
			target = 32C076AB267570EE00AA1C82 /* StoreTemplate */;
			targetProxy = 32C076C3267570F000AA1C82 /* PBXContainerItemProxy */;
		};
		32C076CF267570F000AA1C82 /* PBXTargetDependency */ = {
			isa = PBXTargetDependency;
			target = 32C076AB267570EE00AA1C82 /* StoreTemplate */;
			targetProxy = 32C076CE267570F000AA1C82 /* PBXContainerItemProxy */;
		};
/* End PBXTargetDependency section */

/* Begin PBXVariantGroup section */
		32C076B5267570EE00AA1C82 /* Main.storyboard */ = {
			isa = PBXVariantGroup;
			children = (
				32C076B6267570EE00AA1C82 /* Base */,
			);
			name = Main.storyboard;
			sourceTree = "<group>";
		};
		32C076BA267570F000AA1C82 /* LaunchScreen.storyboard */ = {
			isa = PBXVariantGroup;
			children = (
				32C076BB267570F000AA1C82 /* Base */,
			);
			name = LaunchScreen.storyboard;
			sourceTree = "<group>";
		};
/* End PBXVariantGroup section */

/* Begin XCBuildConfiguration section */
		32C076D4267570F000AA1C82 /* Debug */ = {
			isa = XCBuildConfiguration;
			buildSettings = {
				ALWAYS_SEARCH_USER_PATHS = NO;
				CLANG_ANALYZER_NONNULL = YES;
				CLANG_ANALYZER_NUMBER_OBJECT_CONVERSION = YES_AGGRESSIVE;
				CLANG_CXX_LANGUAGE_STANDARD = "gnu++14";
				CLANG_CXX_LIBRARY = "libc++";
				CLANG_ENABLE_MODULES = YES;
				CLANG_ENABLE_OBJC_ARC = YES;
				CLANG_ENABLE_OBJC_WEAK = YES;
				CLANG_WARN_BLOCK_CAPTURE_AUTORELEASING = YES;
				CLANG_WARN_BOOL_CONVERSION = YES;
				CLANG_WARN_COMMA = YES;
				CLANG_WARN_CONSTANT_CONVERSION = YES;
				CLANG_WARN_DEPRECATED_OBJC_IMPLEMENTATIONS = YES;
				CLANG_WARN_DIRECT_OBJC_ISA_USAGE = YES_ERROR;
				CLANG_WARN_DOCUMENTATION_COMMENTS = YES;
				CLANG_WARN_EMPTY_BODY = YES;
				CLANG_WARN_ENUM_CONVERSION = YES;
				CLANG_WARN_INFINITE_RECURSION = YES;
				CLANG_WARN_INT_CONVERSION = YES;
				CLANG_WARN_NON_LITERAL_NULL_CONVERSION = YES;
				CLANG_WARN_OBJC_IMPLICIT_RETAIN_SELF = YES;
				CLANG_WARN_OBJC_LITERAL_CONVERSION = YES;
				CLANG_WARN_OBJC_ROOT_CLASS = YES_ERROR;
				CLANG_WARN_QUOTED_INCLUDE_IN_FRAMEWORK_HEADER = YES;
				CLANG_WARN_RANGE_LOOP_ANALYSIS = YES;
				CLANG_WARN_STRICT_PROTOTYPES = YES;
				CLANG_WARN_SUSPICIOUS_MOVE = YES;
				CLANG_WARN_UNGUARDED_AVAILABILITY = YES_AGGRESSIVE;
				CLANG_WARN_UNREACHABLE_CODE = YES;
				CLANG_WARN__DUPLICATE_METHOD_MATCH = YES;
				COPY_PHASE_STRIP = NO;
				DEBUG_INFORMATION_FORMAT = dwarf;
				ENABLE_STRICT_OBJC_MSGSEND = YES;
				ENABLE_TESTABILITY = YES;
				GCC_C_LANGUAGE_STANDARD = gnu11;
				GCC_DYNAMIC_NO_PIC = NO;
				GCC_NO_COMMON_BLOCKS = YES;
				GCC_OPTIMIZATION_LEVEL = 0;
				GCC_PREPROCESSOR_DEFINITIONS = (
					"DEBUG=1",
					"$(inherited)",
				);
				GCC_WARN_64_TO_32_BIT_CONVERSION = YES;
				GCC_WARN_ABOUT_RETURN_TYPE = YES_ERROR;
				GCC_WARN_UNDECLARED_SELECTOR = YES;
				GCC_WARN_UNINITIALIZED_AUTOS = YES_AGGRESSIVE;
				GCC_WARN_UNUSED_FUNCTION = YES;
				GCC_WARN_UNUSED_VARIABLE = YES;
				IPHONEOS_DEPLOYMENT_TARGET = 14.5;
				MTL_ENABLE_DEBUG_INFO = INCLUDE_SOURCE;
				MTL_FAST_MATH = YES;
				ONLY_ACTIVE_ARCH = YES;
				SDKROOT = iphoneos;
				SWIFT_ACTIVE_COMPILATION_CONDITIONS = DEBUG;
				SWIFT_OPTIMIZATION_LEVEL = "-Onone";
			};
			name = Debug;
		};
		32C076D5267570F000AA1C82 /* Release */ = {
			isa = XCBuildConfiguration;
			buildSettings = {
				ALWAYS_SEARCH_USER_PATHS = NO;
				CLANG_ANALYZER_NONNULL = YES;
				CLANG_ANALYZER_NUMBER_OBJECT_CONVERSION = YES_AGGRESSIVE;
				CLANG_CXX_LANGUAGE_STANDARD = "gnu++14";
				CLANG_CXX_LIBRARY = "libc++";
				CLANG_ENABLE_MODULES = YES;
				CLANG_ENABLE_OBJC_ARC = YES;
				CLANG_ENABLE_OBJC_WEAK = YES;
				CLANG_WARN_BLOCK_CAPTURE_AUTORELEASING = YES;
				CLANG_WARN_BOOL_CONVERSION = YES;
				CLANG_WARN_COMMA = YES;
				CLANG_WARN_CONSTANT_CONVERSION = YES;
				CLANG_WARN_DEPRECATED_OBJC_IMPLEMENTATIONS = YES;
				CLANG_WARN_DIRECT_OBJC_ISA_USAGE = YES_ERROR;
				CLANG_WARN_DOCUMENTATION_COMMENTS = YES;
				CLANG_WARN_EMPTY_BODY = YES;
				CLANG_WARN_ENUM_CONVERSION = YES;
				CLANG_WARN_INFINITE_RECURSION = YES;
				CLANG_WARN_INT_CONVERSION = YES;
				CLANG_WARN_NON_LITERAL_NULL_CONVERSION = YES;
				CLANG_WARN_OBJC_IMPLICIT_RETAIN_SELF = YES;
				CLANG_WARN_OBJC_LITERAL_CONVERSION = YES;
				CLANG_WARN_OBJC_ROOT_CLASS = YES_ERROR;
				CLANG_WARN_QUOTED_INCLUDE_IN_FRAMEWORK_HEADER = YES;
				CLANG_WARN_RANGE_LOOP_ANALYSIS = YES;
				CLANG_WARN_STRICT_PROTOTYPES = YES;
				CLANG_WARN_SUSPICIOUS_MOVE = YES;
				CLANG_WARN_UNGUARDED_AVAILABILITY = YES_AGGRESSIVE;
				CLANG_WARN_UNREACHABLE_CODE = YES;
				CLANG_WARN__DUPLICATE_METHOD_MATCH = YES;
				COPY_PHASE_STRIP = NO;
				DEBUG_INFORMATION_FORMAT = "dwarf-with-dsym";
				ENABLE_NS_ASSERTIONS = NO;
				ENABLE_STRICT_OBJC_MSGSEND = YES;
				GCC_C_LANGUAGE_STANDARD = gnu11;
				GCC_NO_COMMON_BLOCKS = YES;
				GCC_WARN_64_TO_32_BIT_CONVERSION = YES;
				GCC_WARN_ABOUT_RETURN_TYPE = YES_ERROR;
				GCC_WARN_UNDECLARED_SELECTOR = YES;
				GCC_WARN_UNINITIALIZED_AUTOS = YES_AGGRESSIVE;
				GCC_WARN_UNUSED_FUNCTION = YES;
				GCC_WARN_UNUSED_VARIABLE = YES;
				IPHONEOS_DEPLOYMENT_TARGET = 14.5;
				MTL_ENABLE_DEBUG_INFO = NO;
				MTL_FAST_MATH = YES;
				SDKROOT = iphoneos;
				SWIFT_COMPILATION_MODE = wholemodule;
				SWIFT_OPTIMIZATION_LEVEL = "-O";
				VALIDATE_PRODUCT = YES;
			};
			name = Release;
		};
		32C076D7267570F000AA1C82 /* Debug */ = {
			isa = XCBuildConfiguration;
			buildSettings = {
				ASSETCATALOG_COMPILER_APPICON_NAME = AppIcon;
				ASSETCATALOG_COMPILER_GLOBAL_ACCENT_COLOR_NAME = AccentColor;
				CODE_SIGN_STYLE = Automatic;
				DEVELOPMENT_TEAM = 8S8L5G7UV4;
				INFOPLIST_FILE = StoreTemplate/Info.plist;
				LD_RUNPATH_SEARCH_PATHS = (
					"$(inherited)",
					"@executable_path/Frameworks",
				);
				PRODUCT_BUNDLE_IDENTIFIER = com.fedorfilimonov.StoreTemplate;
				PRODUCT_NAME = "$(TARGET_NAME)";
				SWIFT_VERSION = 5.0;
				TARGETED_DEVICE_FAMILY = "1,2";
			};
			name = Debug;
		};
		32C076D8267570F000AA1C82 /* Release */ = {
			isa = XCBuildConfiguration;
			buildSettings = {
				ASSETCATALOG_COMPILER_APPICON_NAME = AppIcon;
				ASSETCATALOG_COMPILER_GLOBAL_ACCENT_COLOR_NAME = AccentColor;
				CODE_SIGN_STYLE = Automatic;
				DEVELOPMENT_TEAM = 8S8L5G7UV4;
				INFOPLIST_FILE = StoreTemplate/Info.plist;
				LD_RUNPATH_SEARCH_PATHS = (
					"$(inherited)",
					"@executable_path/Frameworks",
				);
				PRODUCT_BUNDLE_IDENTIFIER = com.fedorfilimonov.StoreTemplate;
				PRODUCT_NAME = "$(TARGET_NAME)";
				SWIFT_VERSION = 5.0;
				TARGETED_DEVICE_FAMILY = "1,2";
			};
			name = Release;
		};
		32C076DA267570F000AA1C82 /* Debug */ = {
			isa = XCBuildConfiguration;
			buildSettings = {
				ALWAYS_EMBED_SWIFT_STANDARD_LIBRARIES = YES;
				BUNDLE_LOADER = "$(TEST_HOST)";
				CODE_SIGN_STYLE = Automatic;
				DEVELOPMENT_TEAM = 8S8L5G7UV4;
				INFOPLIST_FILE = StoreTemplateTests/Info.plist;
				IPHONEOS_DEPLOYMENT_TARGET = 14.5;
				LD_RUNPATH_SEARCH_PATHS = (
					"$(inherited)",
					"@executable_path/Frameworks",
					"@loader_path/Frameworks",
				);
				PRODUCT_BUNDLE_IDENTIFIER = com.fedorfilimonov.StoreTemplateTests;
				PRODUCT_NAME = "$(TARGET_NAME)";
				SWIFT_VERSION = 5.0;
				TARGETED_DEVICE_FAMILY = "1,2";
				TEST_HOST = "$(BUILT_PRODUCTS_DIR)/StoreTemplate.app/StoreTemplate";
			};
			name = Debug;
		};
		32C076DB267570F000AA1C82 /* Release */ = {
			isa = XCBuildConfiguration;
			buildSettings = {
				ALWAYS_EMBED_SWIFT_STANDARD_LIBRARIES = YES;
				BUNDLE_LOADER = "$(TEST_HOST)";
				CODE_SIGN_STYLE = Automatic;
				DEVELOPMENT_TEAM = 8S8L5G7UV4;
				INFOPLIST_FILE = StoreTemplateTests/Info.plist;
				IPHONEOS_DEPLOYMENT_TARGET = 14.5;
				LD_RUNPATH_SEARCH_PATHS = (
					"$(inherited)",
					"@executable_path/Frameworks",
					"@loader_path/Frameworks",
				);
				PRODUCT_BUNDLE_IDENTIFIER = com.fedorfilimonov.StoreTemplateTests;
				PRODUCT_NAME = "$(TARGET_NAME)";
				SWIFT_VERSION = 5.0;
				TARGETED_DEVICE_FAMILY = "1,2";
				TEST_HOST = "$(BUILT_PRODUCTS_DIR)/StoreTemplate.app/StoreTemplate";
			};
			name = Release;
		};
		32C076DD267570F000AA1C82 /* Debug */ = {
			isa = XCBuildConfiguration;
			buildSettings = {
				ALWAYS_EMBED_SWIFT_STANDARD_LIBRARIES = YES;
				CODE_SIGN_STYLE = Automatic;
				DEVELOPMENT_TEAM = 8S8L5G7UV4;
				INFOPLIST_FILE = StoreTemplateUITests/Info.plist;
				LD_RUNPATH_SEARCH_PATHS = (
					"$(inherited)",
					"@executable_path/Frameworks",
					"@loader_path/Frameworks",
				);
				PRODUCT_BUNDLE_IDENTIFIER = com.fedorfilimonov.StoreTemplateUITests;
				PRODUCT_NAME = "$(TARGET_NAME)";
				SWIFT_VERSION = 5.0;
				TARGETED_DEVICE_FAMILY = "1,2";
				TEST_TARGET_NAME = StoreTemplate;
			};
			name = Debug;
		};
		32C076DE267570F000AA1C82 /* Release */ = {
			isa = XCBuildConfiguration;
			buildSettings = {
				ALWAYS_EMBED_SWIFT_STANDARD_LIBRARIES = YES;
				CODE_SIGN_STYLE = Automatic;
				DEVELOPMENT_TEAM = 8S8L5G7UV4;
				INFOPLIST_FILE = StoreTemplateUITests/Info.plist;
				LD_RUNPATH_SEARCH_PATHS = (
					"$(inherited)",
					"@executable_path/Frameworks",
					"@loader_path/Frameworks",
				);
				PRODUCT_BUNDLE_IDENTIFIER = com.fedorfilimonov.StoreTemplateUITests;
				PRODUCT_NAME = "$(TARGET_NAME)";
				SWIFT_VERSION = 5.0;
				TARGETED_DEVICE_FAMILY = "1,2";
				TEST_TARGET_NAME = StoreTemplate;
			};
			name = Release;
		};
/* End XCBuildConfiguration section */

/* Begin XCConfigurationList section */
		32C076A7267570EE00AA1C82 /* Build configuration list for PBXProject "StoreTemplate" */ = {
			isa = XCConfigurationList;
			buildConfigurations = (
				32C076D4267570F000AA1C82 /* Debug */,
				32C076D5267570F000AA1C82 /* Release */,
			);
			defaultConfigurationIsVisible = 0;
			defaultConfigurationName = Release;
		};
		32C076D6267570F000AA1C82 /* Build configuration list for PBXNativeTarget "StoreTemplate" */ = {
			isa = XCConfigurationList;
			buildConfigurations = (
				32C076D7267570F000AA1C82 /* Debug */,
				32C076D8267570F000AA1C82 /* Release */,
			);
			defaultConfigurationIsVisible = 0;
			defaultConfigurationName = Release;
		};
		32C076D9267570F000AA1C82 /* Build configuration list for PBXNativeTarget "StoreTemplateTests" */ = {
			isa = XCConfigurationList;
			buildConfigurations = (
				32C076DA267570F000AA1C82 /* Debug */,
				32C076DB267570F000AA1C82 /* Release */,
			);
			defaultConfigurationIsVisible = 0;
			defaultConfigurationName = Release;
		};
		32C076DC267570F000AA1C82 /* Build configuration list for PBXNativeTarget "StoreTemplateUITests" */ = {
			isa = XCConfigurationList;
			buildConfigurations = (
				32C076DD267570F000AA1C82 /* Debug */,
				32C076DE267570F000AA1C82 /* Release */,
			);
			defaultConfigurationIsVisible = 0;
			defaultConfigurationName = Release;
		};
/* End XCConfigurationList section */
	};
	rootObject = 32C076A4267570EE00AA1C82 /* Project object */;
}
